
Microsoft Visual Studio Solution File, Format Version 12.00
# Visual Studio Version 16
VisualStudioVersion = 16.0.32802.440
MinimumVisualStudioVersion = 10.0.40219.1
Project("{9A19103F-16F7-4668-BE54-9A1E7A4F7556}") = "RenderDemo", "RenderDemo\RenderDemo.csproj", "{F6366696-350B-472A-8FC5-44BA14DACB57}"
EndProject
Project("{8BC9CEB8-8B4A-11D0-8D11-00A0C91BC942}") = "Direct2DRender", "Direct2DRender\Direct2DRender.vcxproj", "{AEC66D70-436D-4C5E-A093-84709E13A510}"
EndProject
Project("{8BC9CEB8-8B4A-11D0-8D11-00A0C91BC942}") = "Render.Interop", "Render.Interop\Render.Interop.vcxproj", "{A0D062F2-1F44-48DE-9BAB-C9322A182F4B}"
EndProject
Project("{8BC9CEB8-8B4A-11D0-8D11-00A0C91BC942}") = "libyuv", "libyuv\libyuv.vcxproj", "{66D3EEDF-2467-499A-9270-C54519648F59}"
EndProject
Global
	GlobalSection(SolutionConfigurationPlatforms) = preSolution
		Debug|Any CPU = Debug|Any CPU
		Debug|x64 = Debug|x64
		Debug|x86 = Debug|x86
		Release|Any CPU = Release|Any CPU
		Release|x64 = Release|x64
		Release|x86 = Release|x86
	EndGlobalSection
	GlobalSection(ProjectConfigurationPlatforms) = postSolution
		{F6366696-350B-472A-8FC5-44BA14DACB57}.Debug|Any CPU.ActiveCfg = Debug|Any CPU
		{F6366696-350B-472A-8FC5-44BA14DACB57}.Debug|Any CPU.Build.0 = Debug|Any CPU
		{F6366696-350B-472A-8FC5-44BA14DACB57}.Debug|x64.ActiveCfg = Debug|x64
		{F6366696-350B-472A-8FC5-44BA14DACB57}.Debug|x64.Build.0 = Debug|x64
		{F6366696-350B-472A-8FC5-44BA14DACB57}.Debug|x86.ActiveCfg = Debug|Any CPU
		{F6366696-350B-472A-8FC5-44BA14DACB57}.Debug|x86.Build.0 = Debug|Any CPU
		{F6366696-350B-472A-8FC5-44BA14DACB57}.Release|Any CPU.ActiveCfg = Release|Any CPU
		{F6366696-350B-472A-8FC5-44BA14DACB57}.Release|Any CPU.Build.0 = Release|Any CPU
		{F6366696-350B-472A-8FC5-44BA14DACB57}.Release|x64.ActiveCfg = Release|Any CPU
		{F6366696-350B-472A-8FC5-44BA14DACB57}.Release|x64.Build.0 = Release|Any CPU
		{F6366696-350B-472A-8FC5-44BA14DACB57}.Release|x86.ActiveCfg = Release|Any CPU
		{F6366696-350B-472A-8FC5-44BA14DACB57}.Release|x86.Build.0 = Release|Any CPU
		{AEC66D70-436D-4C5E-A093-84709E13A510}.Debug|Any CPU.ActiveCfg = Debug|Win32
		{AEC66D70-436D-4C5E-A093-84709E13A510}.Debug|x64.ActiveCfg = Debug|x64
		{AEC66D70-436D-4C5E-A093-84709E13A510}.Debug|x64.Build.0 = Debug|x64
		{AEC66D70-436D-4C5E-A093-84709E13A510}.Debug|x86.ActiveCfg = Debug|Win32
		{AEC66D70-436D-4C5E-A093-84709E13A510}.Debug|x86.Build.0 = Debug|Win32
		{AEC66D70-436D-4C5E-A093-84709E13A510}.Release|Any CPU.ActiveCfg = Release|Win32
		{AEC66D70-436D-4C5E-A093-84709E13A510}.Release|x64.ActiveCfg = Release|x64
		{AEC66D70-436D-4C5E-A093-84709E13A510}.Release|x64.Build.0 = Release|x64
		{AEC66D70-436D-4C5E-A093-84709E13A510}.Release|x86.ActiveCfg = Release|Win32
		{AEC66D70-436D-4C5E-A093-84709E13A510}.Release|x86.Build.0 = Release|Win32
		{A0D062F2-1F44-48DE-9BAB-C9322A182F4B}.Debug|Any CPU.ActiveCfg = Debug|Win32
		{A0D062F2-1F44-48DE-9BAB-C9322A182F4B}.Debug|x64.ActiveCfg = Debug|x64
		{A0D062F2-1F44-48DE-9BAB-C9322A182F4B}.Debug|x64.Build.0 = Debug|x64
		{A0D062F2-1F44-48DE-9BAB-C9322A182F4B}.Debug|x86.ActiveCfg = Debug|Win32
		{A0D062F2-1F44-48DE-9BAB-C9322A182F4B}.Debug|x86.Build.0 = Debug|Win32
		{A0D062F2-1F44-48DE-9BAB-C9322A182F4B}.Release|Any CPU.ActiveCfg = Release|Win32
		{A0D062F2-1F44-48DE-9BAB-C9322A182F4B}.Release|x64.ActiveCfg = Release|x64
		{A0D062F2-1F44-48DE-9BAB-C9322A182F4B}.Release|x64.Build.0 = Release|x64
		{A0D062F2-1F44-48DE-9BAB-C9322A182F4B}.Release|x86.ActiveCfg = Release|Win32
		{A0D062F2-1F44-48DE-9BAB-C9322A182F4B}.Release|x86.Build.0 = Release|Win32
		{66D3EEDF-2467-499A-9270-C54519648F59}.Debug|Any CPU.ActiveCfg = Debug|Win32
		{66D3EEDF-2467-499A-9270-C54519648F59}.Debug|x64.ActiveCfg = Debug|x64
		{66D3EEDF-2467-499A-9270-C54519648F59}.Debug|x64.Build.0 = Debug|x64
		{66D3EEDF-2467-499A-9270-C54519648F59}.Debug|x86.ActiveCfg = Debug|Win32
		{66D3EEDF-2467-499A-9270-C54519648F59}.Debug|x86.Build.0 = Debug|Win32
		{66D3EEDF-2467-499A-9270-C54519648F59}.Release|Any CPU.ActiveCfg = Release|Win32
		{66D3EEDF-2467-499A-9270-C54519648F59}.Release|x64.ActiveCfg = Release|x64
		{66D3EEDF-2467-499A-9270-C54519648F59}.Release|x64.Build.0 = Release|x64
		{66D3EEDF-2467-499A-9270-C54519648F59}.Release|x86.ActiveCfg = Release|Win32
		{66D3EEDF-2467-499A-9270-C54519648F59}.Release|x86.Build.0 = Release|Win32
	EndGlobalSection
	GlobalSection(SolutionProperties) = preSolution
		HideSolutionNode = FALSE
	EndGlobalSection
	GlobalSection(ExtensibilityGlobals) = postSolution
		SolutionGuid = {94A300A3-56A7-4AE8-A921-3B42403CF453}
	EndGlobalSection
EndGlobal
