<?xml version="1.0" encoding="utf-8"?>
<Project ToolsVersion="4.0" xmlns="http://schemas.microsoft.com/developer/msbuild/2003">
  <ItemGroup>
    <ClInclude Include="Direct2DHost.h" />
    <ClInclude Include="Direct2DViewPort.h" />
    <ClInclude Include="framework.h" />
    <ClInclude Include="IDirect2DHost.h" />
    <ClInclude Include="IDirect2DViewPort.h" />
    <ClInclude Include="pch.h" />
  </ItemGroup>
  <ItemGroup>
    <ClCompile Include="Direct2DHost.cpp" />
    <ClCompile Include="Direct2DViewPort.cpp" />
    <ClCompile Include="pch.cpp" />
  </ItemGroup>
</Project>